
Microsoft Visual Studio Solution File, Format Version 12.00
# Visual Studio Version 17
VisualStudioVersion = 17.1.32210.238
MinimumVisualStudioVersion = 10.0.40219.1
Project("{9A19103F-16F7-4668-BE54-9A1E7A4F7556}") = "flangoLib", "flangoLib\flangoLib.csproj", "{F5C3ADFC-A357-403A-9388-8DC8BE012B05}"
EndProject
Project("{2150E333-8FDC-42A3-9474-1A3956D46DE8}") = "Solution Items", "Solution Items", "{E6E0B4E7-C796-494B-A0AB-23BDAC90823A}"
	ProjectSection(SolutionItems) = preProject
		.editorconfig = .editorconfig
	EndProjectSection
EndProject
Global
	GlobalSection(SolutionConfigurationPlatforms) = preSolution
		Debug|Any CPU = Debug|Any CPU
		Release|Any CPU = Release|Any CPU
	EndGlobalSection
	GlobalSection(ProjectConfigurationPlatforms) = postSolution
		{F5C3ADFC-A357-403A-9388-8DC8BE012B05}.Debug|Any CPU.ActiveCfg = Debug|Any CPU
		{F5C3ADFC-A357-403A-9388-8DC8BE012B05}.Debug|Any CPU.Build.0 = Debug|Any CPU
		{F5C3ADFC-A357-403A-9388-8DC8BE012B05}.Release|Any CPU.ActiveCfg = Release|Any CPU
		{F5C3ADFC-A357-403A-9388-8DC8BE012B05}.Release|Any CPU.Build.0 = Release|Any CPU
	EndGlobalSection
	GlobalSection(SolutionProperties) = preSolution
		HideSolutionNode = FALSE
	EndGlobalSection
	GlobalSection(ExtensibilityGlobals) = postSolution
		SolutionGuid = {8F66C919-B87E-41F2-B958-CC7C2777788F}
	EndGlobalSection
EndGlobal
